// !$*UTF8*$!
{
	archiveVersion = 1;
	classes = {
	};
	objectVersion = 46;
	objects = {

/* Begin PBXBuildFile section */
		00CB68EF15D152B0004F3697 /* CustomAction.m in Sources */ = {isa = PBXBuildFile; fileRef = 00CB68EC15D152B0004F3697 /* CustomAction.m */; };
		00CB68F615D152CF004F3697 /* ExceptionExampleAction.m in Sources */ = {isa = PBXBuildFile; fileRef = 00CB68F315D152CF004F3697 /* ExceptionExampleAction.m */; };
		00CB69A515D28D72004F3697 /* CustomizedLayout.m in Sources */ = {isa = PBXBuildFile; fileRef = 00CB69A215D28D72004F3697 /* CustomizedLayout.m */; };
		00CB69AB15D28D90004F3697 /* CustomizedList.m in Sources */ = {isa = PBXBuildFile; fileRef = 00CB69A815D28D90004F3697 /* CustomizedList.m */; };
		00CB69B115D28DBF004F3697 /* CustomizedViewLogic.m in Sources */ = {isa = PBXBuildFile; fileRef = 00CB69AE15D28DBF004F3697 /* CustomizedViewLogic.m */; };
		00CB69B815D28DF7004F3697 /* PageWithXibFileViewController.m in Sources */ = {isa = PBXBuildFile; fileRef = 00CB69B415D28DF7004F3697 /* PageWithXibFileViewController.m */; };
		036F804F13C700D40082D901 /* UIKit.framework in Frameworks */ = {isa = PBXBuildFile; fileRef = 03F239B513C6FFFB00E9BD32 /* UIKit.framework */; };
		036F805013C700D40082D901 /* Foundation.framework in Frameworks */ = {isa = PBXBuildFile; fileRef = 03F239B713C6FFFB00E9BD32 /* Foundation.framework */; };
		036F805113C700D40082D901 /* CoreGraphics.framework in Frameworks */ = {isa = PBXBuildFile; fileRef = 03F239B913C6FFFB00E9BD32 /* CoreGraphics.framework */; };
		03F0877913C7492B00A58AE7 /* SystemConfiguration.framework in Frameworks */ = {isa = PBXBuildFile; fileRef = 03F0877813C7492B00A58AE7 /* SystemConfiguration.framework */; };
		34812492226535E995B4E7A2 /* CustomRowViewBuilder.m in Sources */ = {isa = PBXBuildFile; fileRef = 3481256D97DF65AB2C5F7FD4 /* CustomRowViewBuilder.m */; };
		BD0817DD146936B6006F0AA0 /* FireInitialOutcomes.m in Sources */ = {isa = PBXBuildFile; fileRef = BD081782146936B6006F0AA0 /* FireInitialOutcomes.m */; };
		BD0817E1146936B6006F0AA0 /* GenericAction.m in Sources */ = {isa = PBXBuildFile; fileRef = BD081784146936B6006F0AA0 /* GenericAction.m */; };
		BD0817E5146936B6006F0AA0 /* CustomTemporaryAction.m in Sources */ = {isa = PBXBuildFile; fileRef = BD081787146936B6006F0AA0 /* CustomTemporaryAction.m */; };
		BD0817E9146936B6006F0AA0 /* CustomAppDelegate.m in Sources */ = {isa = PBXBuildFile; fileRef = BD081789146936B6006F0AA0 /* CustomAppDelegate.m */; };
		BD0817ED146936B6006F0AA0 /* CustomApplicationFactory.m in Sources */ = {isa = PBXBuildFile; fileRef = BD08178B146936B6006F0AA0 /* CustomApplicationFactory.m */; };
		BD0817F1146936B6006F0AA0 /* CustomSoapServiceDataHandler.m in Sources */ = {isa = PBXBuildFile; fileRef = BD081790146936B6006F0AA0 /* CustomSoapServiceDataHandler.m */; };
		BD0817F5146936B6006F0AA0 /* NSDateUtilities.m in Sources */ = {isa = PBXBuildFile; fileRef = BD081793146936B6006F0AA0 /* NSDateUtilities.m */; };
		BD081809146936B6006F0AA0 /* CustomColor.m in Sources */ = {isa = PBXBuildFile; fileRef = BD0817A2146936B6006F0AA0 /* CustomColor.m */; };
		BD08180D146936B6006F0AA0 /* CustomStyleConstants.m in Sources */ = {isa = PBXBuildFile; fileRef = BD0817A4146936B6006F0AA0 /* CustomStyleConstants.m */; };
		BD081811146936B6006F0AA0 /* CustomStyleHandler.m in Sources */ = {isa = PBXBuildFile; fileRef = BD0817A6146936B6006F0AA0 /* CustomStyleHandler.m */; };
		BD0818A9146936B7006F0AA0 /* main.m in Sources */ = {isa = PBXBuildFile; fileRef = BD0817D8146936B6006F0AA0 /* main.m */; };
		BDFC953917BE8D0D00F5278A /* AVFoundation.framework in Frameworks */ = {isa = PBXBuildFile; fileRef = BDFC953717BE8CF900F5278A /* AVFoundation.framework */; };
		BDFC953C17BE8D2700F5278A /* QuartzCore.framework in Frameworks */ = {isa = PBXBuildFile; fileRef = BDD3D93717255019002C88E6 /* QuartzCore.framework */; };
		BDFC953F17BE8D3500F5278A /* libsqlite3.0.dylib in Frameworks */ = {isa = PBXBuildFile; fileRef = BDD3D9351725500E002C88E6 /* libsqlite3.0.dylib */; };
		C79AFA4F181EBCC100FA81E6 /* PAGE-zoomable-text.xmlx in Resources */ = {isa = PBXBuildFile; fileRef = BD798200170B215600B446E1 /* PAGE-zoomable-text.xmlx */; };
		C79AFA50181EBCC100FA81E6 /* PAGE-catalog.xmlx in Resources */ = {isa = PBXBuildFile; fileRef = BDEF12CA15E6AC0A0034C700 /* PAGE-catalog.xmlx */; };
		C79AFA51181EBCC100FA81E6 /* PAGE-field-types.xmlx in Resources */ = {isa = PBXBuildFile; fileRef = BDEF12CB15E6AC0B0034C700 /* PAGE-field-types.xmlx */; };
		C79AFA52181EBCC100FA81E6 /* PAGE-home.xmlx in Resources */ = {isa = PBXBuildFile; fileRef = BDEF12CC15E6AC0B0034C700 /* PAGE-home.xmlx */; };
		C79AFA53181EBCC100FA81E6 /* PAGE-lists.xmlx in Resources */ = {isa = PBXBuildFile; fileRef = BDEF12CD15E6AC0B0034C700 /* PAGE-lists.xmlx */; };
		C79AFA54181EBCC100FA81E6 /* PAGE-plant-detail.xmlx in Resources */ = {isa = PBXBuildFile; fileRef = BDEF12CE15E6AC0B0034C700 /* PAGE-plant-detail.xmlx */; };
		C79AFA55181EBCC100FA81E6 /* PAGE-customized-view-logic.xmlx in Resources */ = {isa = PBXBuildFile; fileRef = 00CB6A0015D2B0C1004F3697 /* PAGE-customized-view-logic.xmlx */; };
		C79AFA56181EBCC100FA81E6 /* PAGE-manipulating-rows-in-a-list.xmlx in Resources */ = {isa = PBXBuildFile; fileRef = 00EAC7D615F6103100CF1E56 /* PAGE-manipulating-rows-in-a-list.xmlx */; };
		C79AFA57181EBCC100FA81E6 /* PAGE-customized-layout.xmlx in Resources */ = {isa = PBXBuildFile; fileRef = 00F495AE15D2B7C000277DA1 /* PAGE-customized-layout.xmlx */; };
		C79AFA58181EBCC100FA81E6 /* PAGE-customized-components.xmlx in Resources */ = {isa = PBXBuildFile; fileRef = 0041AD3D15D2F8A700381ED2 /* PAGE-customized-components.xmlx */; };
		C79AFA59181EBCC100FA81E6 /* PAGE-page-with-xib.xmlx in Resources */ = {isa = PBXBuildFile; fileRef = 00F495F515D2BE4600277DA1 /* PAGE-page-with-xib.xmlx */; };
		C79AFA5A181EBCC100FA81E6 /* actions.xmlx in Resources */ = {isa = PBXBuildFile; fileRef = BD0817A9146936B6006F0AA0 /* actions.xmlx */; };
		C79AFA5B181EBCC100FA81E6 /* config.xmlx in Resources */ = {isa = PBXBuildFile; fileRef = BD0817AA146936B6006F0AA0 /* config.xmlx */; };
		C79AFA5C181EBCC100FA81E6 /* dialogs.xmlx in Resources */ = {isa = PBXBuildFile; fileRef = BD0817AB146936B6006F0AA0 /* dialogs.xmlx */; };
		C79AFA5D181EBCC100FA81E6 /* documents.xmlx in Resources */ = {isa = PBXBuildFile; fileRef = BD0817AC146936B6006F0AA0 /* documents.xmlx */; };
		C79AFA5E181EBCC100FA81E6 /* domains.xmlx in Resources */ = {isa = PBXBuildFile; fileRef = BD0817AD146936B6006F0AA0 /* domains.xmlx */; };
		C79AFA5F181EBCC100FA81E6 /* outcomes.xmlx in Resources */ = {isa = PBXBuildFile; fileRef = BD0817AE146936B6006F0AA0 /* outcomes.xmlx */; };
		C79AFA60181EBCC100FA81E6 /* pages.xmlx in Resources */ = {isa = PBXBuildFile; fileRef = BD0817AF146936B6006F0AA0 /* pages.xmlx */; };
		C79AFA61181EBCC100FA81E6 /* alerts.xmlx in Resources */ = {isa = PBXBuildFile; fileRef = BDEF12E315E6AC1E0034C700 /* alerts.xmlx */; };
		C79AFA62181EBCC100FA81E6 /* CATALOG.xmlx in Resources */ = {isa = PBXBuildFile; fileRef = 00AD651815D01B620076AC6A /* CATALOG.xmlx */; };
		C79AFA63181EBCC100FA81E6 /* applicationproperties.xmlx in Resources */ = {isa = PBXBuildFile; fileRef = BD0817B1146936B6006F0AA0 /* applicationproperties.xmlx */; };
		C79AFA64181EBCC100FA81E6 /* endpoints.xmlx in Resources */ = {isa = PBXBuildFile; fileRef = BD0817B2146936B6006F0AA0 /* endpoints.xmlx */; };
		C79AFA65181EBCC100FA81E6 /* InitialOutcomes.xmlx in Resources */ = {isa = PBXBuildFile; fileRef = BD0817B3146936B6006F0AA0 /* InitialOutcomes.xmlx */; };
		C79AFA66181EBCC100FA81E6 /* resources.xmlx in Resources */ = {isa = PBXBuildFile; fileRef = BD0817B4146936B6006F0AA0 /* resources.xmlx */; };
		C79AFA67181EBCC100FA81E6 /* trololo.jpg in Resources */ = {isa = PBXBuildFile; fileRef = 3481286F417470DDE0F23AD6 /* trololo.jpg */; };
		C79AFA68181EBCC100FA81E6 /* ApplicationIcon-72.png in Resources */ = {isa = PBXBuildFile; fileRef = BD0817B9146936B6006F0AA0 /* ApplicationIcon-72.png */; };
		C79AFA69181EBCC100FA81E6 /* ApplicationIcon.png in Resources */ = {isa = PBXBuildFile; fileRef = BD0817BA146936B6006F0AA0 /* ApplicationIcon.png */; };
		C79AFA6A181EBCC100FA81E6 /* ApplicationIcon@2x.png in Resources */ = {isa = PBXBuildFile; fileRef = BD0817BB146936B6006F0AA0 /* ApplicationIcon@2x.png */; };
		C79AFA6B181EBCC100FA81E6 /* iTunesArtwork.png in Resources */ = {isa = PBXBuildFile; fileRef = BD0817BC146936B6006F0AA0 /* iTunesArtwork.png */; };
		C79AFA6C181EBCC100FA81E6 /* Background-default.png in Resources */ = {isa = PBXBuildFile; fileRef = BD0817BE146936B6006F0AA0 /* Background-default.png */; };
		C79AFA6D181EBCC100FA81E6 /* Background-default@2x.png in Resources */ = {isa = PBXBuildFile; fileRef = BD0817BF146936B6006F0AA0 /* Background-default@2x.png */; };
		C79AFA6E181EBCC100FA81E6 /* LaunchImage-568h@2x.png in Resources */ = {isa = PBXBuildFile; fileRef = BD3368D2164AB64800CD56FD /* LaunchImage-568h@2x.png */; };
		C79AFA6F181EBCC100FA81E6 /* LaunchImage.png in Resources */ = {isa = PBXBuildFile; fileRef = BD0817C1146936B6006F0AA0 /* LaunchImage.png */; };
		C79AFA70181EBCC100FA81E6 /* LaunchImage@2x.png in Resources */ = {isa = PBXBuildFile; fileRef = BD0817C2146936B6006F0AA0 /* LaunchImage@2x.png */; };
		C79AFA71181EBCC100FA81E6 /* Icon_Tab_calendar.png in Resources */ = {isa = PBXBuildFile; fileRef = BD0817C4146936B6006F0AA0 /* Icon_Tab_calendar.png */; };
		C79AFA72181EBCC100FA81E6 /* Icon_Tab_calendar@2x.png in Resources */ = {isa = PBXBuildFile; fileRef = BD0817C5146936B6006F0AA0 /* Icon_Tab_calendar@2x.png */; };
		C79AFA73181EBCC100FA81E6 /* Icon_Tab_cart.png.png in Resources */ = {isa = PBXBuildFile; fileRef = BD0817C6146936B6006F0AA0 /* Icon_Tab_cart.png.png */; };
		C79AFA74181EBCC100FA81E6 /* Icon_Tab_cart@2x.png in Resources */ = {isa = PBXBuildFile; fileRef = BD0817C7146936B6006F0AA0 /* Icon_Tab_cart@2x.png */; };
		C79AFA75181EBCC100FA81E6 /* Icon_Tab_home.png in Resources */ = {isa = PBXBuildFile; fileRef = BD0817C8146936B6006F0AA0 /* Icon_Tab_home.png */; };
		C79AFA76181EBCC100FA81E6 /* Icon_Tab_home@2x.png in Resources */ = {isa = PBXBuildFile; fileRef = BD0817C9146936B6006F0AA0 /* Icon_Tab_home@2x.png */; };
		C79AFA77181EBCC100FA81E6 /* Icon_Tab_Info.png in Resources */ = {isa = PBXBuildFile; fileRef = BD0817CA146936B6006F0AA0 /* Icon_Tab_Info.png */; };
		C79AFA78181EBCC100FA81E6 /* Icon_Tab_Info@2x.png in Resources */ = {isa = PBXBuildFile; fileRef = BD0817CB146936B6006F0AA0 /* Icon_Tab_Info@2x.png */; };
		C79AFA79181EBCC100FA81E6 /* Icon_Tab_Settings.png in Resources */ = {isa = PBXBuildFile; fileRef = BD0817CC146936B6006F0AA0 /* Icon_Tab_Settings.png */; };
		C79AFA7A181EBCC100FA81E6 /* Icon_Tab_Settings@2x.png in Resources */ = {isa = PBXBuildFile; fileRef = BD0817CD146936B6006F0AA0 /* Icon_Tab_Settings@2x.png */; };
		C79AFA7B181EBCC100FA81E6 /* Tab_Home.png in Resources */ = {isa = PBXBuildFile; fileRef = BD0817CE146936B6006F0AA0 /* Tab_Home.png */; };
		C79AFA7C181EBCC100FA81E6 /* Tab_Home@2x.png in Resources */ = {isa = PBXBuildFile; fileRef = BD0817CF146936B6006F0AA0 /* Tab_Home@2x.png */; };
		C79AFA7D181EBCC100FA81E6 /* Tab_Info.png in Resources */ = {isa = PBXBuildFile; fileRef = BD0817D0146936B6006F0AA0 /* Tab_Info.png */; };
		C79AFA7E181EBCC100FA81E6 /* Tab_Info@2x.png in Resources */ = {isa = PBXBuildFile; fileRef = BD0817D1146936B6006F0AA0 /* Tab_Info@2x.png */; };
		C79AFA7F181EBCC100FA81E6 /* texts-nl.xmlx in Resources */ = {isa = PBXBuildFile; fileRef = BD0817D3146936B6006F0AA0 /* texts-nl.xmlx */; };
		C7A1D7F2181EA85800777CF9 /* libz.1.2.5.dylib in Frameworks */ = {isa = PBXBuildFile; fileRef = C7A1D7F1181EA85800777CF9 /* libz.1.2.5.dylib */; };
		C7F9432018214B8000DF0506 /* libmobbl-core-lib.a in Frameworks */ = {isa = PBXBuildFile; fileRef = C7F9431F18214B8000DF0506 /* libmobbl-core-lib.a */; };
/* End PBXBuildFile section */

/* Begin PBXFileReference section */
		0041AD3D15D2F8A700381ED2 /* PAGE-customized-components.xmlx */ = {isa = PBXFileReference; fileEncoding = 4; lastKnownFileType = text; name = "PAGE-customized-components.xmlx"; path = "Pages/PAGE-customized-components.xmlx"; sourceTree = "<group>"; };
		00AD651815D01B620076AC6A /* CATALOG.xmlx */ = {isa = PBXFileReference; fileEncoding = 4; lastKnownFileType = text.xml; path = CATALOG.xmlx; sourceTree = "<group>"; };
		00CB68EB15D152B0004F3697 /* CustomAction.h */ = {isa = PBXFileReference; fileEncoding = 4; lastKnownFileType = sourcecode.c.h; path = CustomAction.h; sourceTree = "<group>"; };
		00CB68EC15D152B0004F3697 /* CustomAction.m */ = {isa = PBXFileReference; fileEncoding = 4; lastKnownFileType = sourcecode.c.objc; path = CustomAction.m; sourceTree = "<group>"; };
		00CB68F215D152CF004F3697 /* ExceptionExampleAction.h */ = {isa = PBXFileReference; fileEncoding = 4; lastKnownFileType = sourcecode.c.h; path = ExceptionExampleAction.h; sourceTree = "<group>"; };
		00CB68F315D152CF004F3697 /* ExceptionExampleAction.m */ = {isa = PBXFileReference; fileEncoding = 4; lastKnownFileType = sourcecode.c.objc; path = ExceptionExampleAction.m; sourceTree = "<group>"; };
		00CB69A115D28D72004F3697 /* CustomizedLayout.h */ = {isa = PBXFileReference; fileEncoding = 4; lastKnownFileType = sourcecode.c.h; path = CustomizedLayout.h; sourceTree = "<group>"; };
		00CB69A215D28D72004F3697 /* CustomizedLayout.m */ = {isa = PBXFileReference; fileEncoding = 4; lastKnownFileType = sourcecode.c.objc; path = CustomizedLayout.m; sourceTree = "<group>"; };
		00CB69A715D28D90004F3697 /* CustomizedList.h */ = {isa = PBXFileReference; fileEncoding = 4; lastKnownFileType = sourcecode.c.h; path = CustomizedList.h; sourceTree = "<group>"; };
		00CB69A815D28D90004F3697 /* CustomizedList.m */ = {isa = PBXFileReference; fileEncoding = 4; lastKnownFileType = sourcecode.c.objc; path = CustomizedList.m; sourceTree = "<group>"; };
		00CB69AD15D28DBF004F3697 /* CustomizedViewLogic.h */ = {isa = PBXFileReference; fileEncoding = 4; lastKnownFileType = sourcecode.c.h; path = CustomizedViewLogic.h; sourceTree = "<group>"; };
		00CB69AE15D28DBF004F3697 /* CustomizedViewLogic.m */ = {isa = PBXFileReference; fileEncoding = 4; lastKnownFileType = sourcecode.c.objc; path = CustomizedViewLogic.m; sourceTree = "<group>"; };
		00CB69B315D28DF6004F3697 /* PageWithXibFileViewController.h */ = {isa = PBXFileReference; fileEncoding = 4; lastKnownFileType = sourcecode.c.h; path = PageWithXibFileViewController.h; sourceTree = "<group>"; };
		00CB69B415D28DF7004F3697 /* PageWithXibFileViewController.m */ = {isa = PBXFileReference; fileEncoding = 4; lastKnownFileType = sourcecode.c.objc; path = PageWithXibFileViewController.m; sourceTree = "<group>"; };
		00CB69B515D28DF7004F3697 /* PageWithXibFileViewController.xib */ = {isa = PBXFileReference; fileEncoding = 4; lastKnownFileType = file.xib; path = PageWithXibFileViewController.xib; sourceTree = "<group>"; };
		00CB6A0015D2B0C1004F3697 /* PAGE-customized-view-logic.xmlx */ = {isa = PBXFileReference; fileEncoding = 4; lastKnownFileType = text; name = "PAGE-customized-view-logic.xmlx"; path = "Pages/PAGE-customized-view-logic.xmlx"; sourceTree = "<group>"; };
		00EAC7D615F6103100CF1E56 /* PAGE-manipulating-rows-in-a-list.xmlx */ = {isa = PBXFileReference; fileEncoding = 4; lastKnownFileType = text; name = "PAGE-manipulating-rows-in-a-list.xmlx"; path = "Pages/PAGE-manipulating-rows-in-a-list.xmlx"; sourceTree = "<group>"; xcLanguageSpecificationIdentifier = xcode.lang.xml; };
		00F495AE15D2B7C000277DA1 /* PAGE-customized-layout.xmlx */ = {isa = PBXFileReference; fileEncoding = 4; lastKnownFileType = text; name = "PAGE-customized-layout.xmlx"; path = "Pages/PAGE-customized-layout.xmlx"; sourceTree = "<group>"; };
		00F495F515D2BE4600277DA1 /* PAGE-page-with-xib.xmlx */ = {isa = PBXFileReference; fileEncoding = 4; lastKnownFileType = text; name = "PAGE-page-with-xib.xmlx"; path = "Pages/PAGE-page-with-xib.xmlx"; sourceTree = "<group>"; };
		036F805913C700D40082D901 /* kitchensink-app.app */ = {isa = PBXFileReference; explicitFileType = wrapper.application; includeInIndex = 0; path = "kitchensink-app.app"; sourceTree = BUILT_PRODUCTS_DIR; };
		03F0877813C7492B00A58AE7 /* SystemConfiguration.framework */ = {isa = PBXFileReference; lastKnownFileType = wrapper.framework; name = SystemConfiguration.framework; path = System/Library/Frameworks/SystemConfiguration.framework; sourceTree = SDKROOT; };
		03F239B513C6FFFB00E9BD32 /* UIKit.framework */ = {isa = PBXFileReference; lastKnownFileType = wrapper.framework; name = UIKit.framework; path = System/Library/Frameworks/UIKit.framework; sourceTree = SDKROOT; };
		03F239B713C6FFFB00E9BD32 /* Foundation.framework */ = {isa = PBXFileReference; lastKnownFileType = wrapper.framework; name = Foundation.framework; path = System/Library/Frameworks/Foundation.framework; sourceTree = SDKROOT; };
		03F239B913C6FFFB00E9BD32 /* CoreGraphics.framework */ = {isa = PBXFileReference; lastKnownFileType = wrapper.framework; name = CoreGraphics.framework; path = System/Library/Frameworks/CoreGraphics.framework; sourceTree = SDKROOT; };
		3481234ED29B6C9AB028209C /* CustomRowViewBuilder.h */ = {isa = PBXFileReference; fileEncoding = 4; lastKnownFileType = sourcecode.c.h; path = CustomRowViewBuilder.h; sourceTree = "<group>"; };
		3481256D97DF65AB2C5F7FD4 /* CustomRowViewBuilder.m */ = {isa = PBXFileReference; fileEncoding = 4; lastKnownFileType = sourcecode.c.objc; path = CustomRowViewBuilder.m; sourceTree = "<group>"; };
		3481286F417470DDE0F23AD6 /* trololo.jpg */ = {isa = PBXFileReference; lastKnownFileType = image.jpeg; path = trololo.jpg; sourceTree = "<group>"; };
		BD081781146936B6006F0AA0 /* FireInitialOutcomes.h */ = {isa = PBXFileReference; fileEncoding = 4; lastKnownFileType = sourcecode.c.h; path = FireInitialOutcomes.h; sourceTree = "<group>"; };
		BD081782146936B6006F0AA0 /* FireInitialOutcomes.m */ = {isa = PBXFileReference; fileEncoding = 4; lastKnownFileType = sourcecode.c.objc; path = FireInitialOutcomes.m; sourceTree = "<group>"; };
		BD081783146936B6006F0AA0 /* GenericAction.h */ = {isa = PBXFileReference; fileEncoding = 4; lastKnownFileType = sourcecode.c.h; path = GenericAction.h; sourceTree = "<group>"; };
		BD081784146936B6006F0AA0 /* GenericAction.m */ = {isa = PBXFileReference; fileEncoding = 4; lastKnownFileType = sourcecode.c.objc; path = GenericAction.m; sourceTree = "<group>"; };
		BD081786146936B6006F0AA0 /* CustomTemporaryAction.h */ = {isa = PBXFileReference; fileEncoding = 4; lastKnownFileType = sourcecode.c.h; path = CustomTemporaryAction.h; sourceTree = "<group>"; };
		BD081787146936B6006F0AA0 /* CustomTemporaryAction.m */ = {isa = PBXFileReference; fileEncoding = 4; lastKnownFileType = sourcecode.c.objc; path = CustomTemporaryAction.m; sourceTree = "<group>"; };
		BD081788146936B6006F0AA0 /* CustomAppDelegate.h */ = {isa = PBXFileReference; fileEncoding = 4; lastKnownFileType = sourcecode.c.h; path = CustomAppDelegate.h; sourceTree = "<group>"; };
		BD081789146936B6006F0AA0 /* CustomAppDelegate.m */ = {isa = PBXFileReference; fileEncoding = 4; lastKnownFileType = sourcecode.c.objc; path = CustomAppDelegate.m; sourceTree = "<group>"; };
		BD08178A146936B6006F0AA0 /* CustomApplicationFactory.h */ = {isa = PBXFileReference; fileEncoding = 4; lastKnownFileType = sourcecode.c.h; path = CustomApplicationFactory.h; sourceTree = "<group>"; };
		BD08178B146936B6006F0AA0 /* CustomApplicationFactory.m */ = {isa = PBXFileReference; fileEncoding = 4; lastKnownFileType = sourcecode.c.objc; path = CustomApplicationFactory.m; sourceTree = "<group>"; };
		BD08178C146936B6006F0AA0 /* CustomConstants.h */ = {isa = PBXFileReference; fileEncoding = 4; lastKnownFileType = sourcecode.c.h; path = CustomConstants.h; sourceTree = "<group>"; };
		BD08178F146936B6006F0AA0 /* CustomSoapServiceDataHandler.h */ = {isa = PBXFileReference; fileEncoding = 4; lastKnownFileType = sourcecode.c.h; path = CustomSoapServiceDataHandler.h; sourceTree = "<group>"; };
		BD081790146936B6006F0AA0 /* CustomSoapServiceDataHandler.m */ = {isa = PBXFileReference; fileEncoding = 4; lastKnownFileType = sourcecode.c.objc; path = CustomSoapServiceDataHandler.m; sourceTree = "<group>"; };
		BD081792146936B6006F0AA0 /* NSDateUtilities.h */ = {isa = PBXFileReference; fileEncoding = 4; lastKnownFileType = sourcecode.c.h; path = NSDateUtilities.h; sourceTree = "<group>"; };
		BD081793146936B6006F0AA0 /* NSDateUtilities.m */ = {isa = PBXFileReference; fileEncoding = 4; lastKnownFileType = sourcecode.c.objc; path = NSDateUtilities.m; sourceTree = "<group>"; };
		BD0817A1146936B6006F0AA0 /* CustomColor.h */ = {isa = PBXFileReference; fileEncoding = 4; lastKnownFileType = sourcecode.c.h; path = CustomColor.h; sourceTree = "<group>"; };
		BD0817A2146936B6006F0AA0 /* CustomColor.m */ = {isa = PBXFileReference; fileEncoding = 4; lastKnownFileType = sourcecode.c.objc; path = CustomColor.m; sourceTree = "<group>"; };
		BD0817A3146936B6006F0AA0 /* CustomStyleConstants.h */ = {isa = PBXFileReference; fileEncoding = 4; lastKnownFileType = sourcecode.c.h; path = CustomStyleConstants.h; sourceTree = "<group>"; };
		BD0817A4146936B6006F0AA0 /* CustomStyleConstants.m */ = {isa = PBXFileReference; fileEncoding = 4; lastKnownFileType = sourcecode.c.objc; path = CustomStyleConstants.m; sourceTree = "<group>"; };
		BD0817A5146936B6006F0AA0 /* CustomStyleHandler.h */ = {isa = PBXFileReference; fileEncoding = 4; lastKnownFileType = sourcecode.c.h; path = CustomStyleHandler.h; sourceTree = "<group>"; };
		BD0817A6146936B6006F0AA0 /* CustomStyleHandler.m */ = {isa = PBXFileReference; fileEncoding = 4; lastKnownFileType = sourcecode.c.objc; path = CustomStyleHandler.m; sourceTree = "<group>"; };
		BD0817A9146936B6006F0AA0 /* actions.xmlx */ = {isa = PBXFileReference; fileEncoding = 4; lastKnownFileType = text; path = actions.xmlx; sourceTree = "<group>"; };
		BD0817AA146936B6006F0AA0 /* config.xmlx */ = {isa = PBXFileReference; fileEncoding = 4; lastKnownFileType = text; path = config.xmlx; sourceTree = "<group>"; xcLanguageSpecificationIdentifier = xcode.lang.xml; };
		BD0817AB146936B6006F0AA0 /* dialogs.xmlx */ = {isa = PBXFileReference; fileEncoding = 4; lastKnownFileType = text; path = dialogs.xmlx; sourceTree = "<group>"; xcLanguageSpecificationIdentifier = xcode.lang.xml; };
		BD0817AC146936B6006F0AA0 /* documents.xmlx */ = {isa = PBXFileReference; fileEncoding = 4; lastKnownFileType = text; path = documents.xmlx; sourceTree = "<group>"; };
		BD0817AD146936B6006F0AA0 /* domains.xmlx */ = {isa = PBXFileReference; fileEncoding = 4; lastKnownFileType = text; path = domains.xmlx; sourceTree = "<group>"; };
		BD0817AE146936B6006F0AA0 /* outcomes.xmlx */ = {isa = PBXFileReference; fileEncoding = 4; lastKnownFileType = text; path = outcomes.xmlx; sourceTree = "<group>"; xcLanguageSpecificationIdentifier = xcode.lang.xml; };
		BD0817AF146936B6006F0AA0 /* pages.xmlx */ = {isa = PBXFileReference; fileEncoding = 4; lastKnownFileType = text; path = pages.xmlx; sourceTree = "<group>"; xcLanguageSpecificationIdentifier = xcode.lang.xml; };
		BD0817B1146936B6006F0AA0 /* applicationproperties.xmlx */ = {isa = PBXFileReference; fileEncoding = 4; lastKnownFileType = text; path = applicationproperties.xmlx; sourceTree = "<group>"; };
		BD0817B2146936B6006F0AA0 /* endpoints.xmlx */ = {isa = PBXFileReference; fileEncoding = 4; lastKnownFileType = text; path = endpoints.xmlx; sourceTree = "<group>"; };
		BD0817B3146936B6006F0AA0 /* InitialOutcomes.xmlx */ = {isa = PBXFileReference; fileEncoding = 4; lastKnownFileType = text; path = InitialOutcomes.xmlx; sourceTree = "<group>"; xcLanguageSpecificationIdentifier = xcode.lang.xml; };
		BD0817B4146936B6006F0AA0 /* resources.xmlx */ = {isa = PBXFileReference; fileEncoding = 4; lastKnownFileType = text; path = resources.xmlx; sourceTree = "<group>"; };
		BD0817B9146936B6006F0AA0 /* ApplicationIcon-72.png */ = {isa = PBXFileReference; lastKnownFileType = image.png; path = "ApplicationIcon-72.png"; sourceTree = "<group>"; };
		BD0817BA146936B6006F0AA0 /* ApplicationIcon.png */ = {isa = PBXFileReference; lastKnownFileType = image.png; path = ApplicationIcon.png; sourceTree = "<group>"; };
		BD0817BB146936B6006F0AA0 /* ApplicationIcon@2x.png */ = {isa = PBXFileReference; lastKnownFileType = image.png; path = "ApplicationIcon@2x.png"; sourceTree = "<group>"; };
		BD0817BC146936B6006F0AA0 /* iTunesArtwork.png */ = {isa = PBXFileReference; lastKnownFileType = image.png; path = iTunesArtwork.png; sourceTree = "<group>"; };
		BD0817BE146936B6006F0AA0 /* Background-default.png */ = {isa = PBXFileReference; lastKnownFileType = image.png; path = "Background-default.png"; sourceTree = "<group>"; };
		BD0817BF146936B6006F0AA0 /* Background-default@2x.png */ = {isa = PBXFileReference; lastKnownFileType = image.png; path = "Background-default@2x.png"; sourceTree = "<group>"; };
		BD0817C1146936B6006F0AA0 /* LaunchImage.png */ = {isa = PBXFileReference; lastKnownFileType = image.png; path = LaunchImage.png; sourceTree = "<group>"; };
		BD0817C2146936B6006F0AA0 /* LaunchImage@2x.png */ = {isa = PBXFileReference; lastKnownFileType = image.png; path = "LaunchImage@2x.png"; sourceTree = "<group>"; };
		BD0817C4146936B6006F0AA0 /* Icon_Tab_calendar.png */ = {isa = PBXFileReference; lastKnownFileType = image.png; path = Icon_Tab_calendar.png; sourceTree = "<group>"; };
		BD0817C5146936B6006F0AA0 /* Icon_Tab_calendar@2x.png */ = {isa = PBXFileReference; lastKnownFileType = image.png; path = "Icon_Tab_calendar@2x.png"; sourceTree = "<group>"; };
		BD0817C6146936B6006F0AA0 /* Icon_Tab_cart.png.png */ = {isa = PBXFileReference; lastKnownFileType = image.png; path = Icon_Tab_cart.png.png; sourceTree = "<group>"; };
		BD0817C7146936B6006F0AA0 /* Icon_Tab_cart@2x.png */ = {isa = PBXFileReference; lastKnownFileType = image.png; path = "Icon_Tab_cart@2x.png"; sourceTree = "<group>"; };
		BD0817C8146936B6006F0AA0 /* Icon_Tab_home.png */ = {isa = PBXFileReference; lastKnownFileType = image.png; path = Icon_Tab_home.png; sourceTree = "<group>"; };
		BD0817C9146936B6006F0AA0 /* Icon_Tab_home@2x.png */ = {isa = PBXFileReference; lastKnownFileType = image.png; path = "Icon_Tab_home@2x.png"; sourceTree = "<group>"; };
		BD0817CA146936B6006F0AA0 /* Icon_Tab_Info.png */ = {isa = PBXFileReference; lastKnownFileType = image.png; path = Icon_Tab_Info.png; sourceTree = "<group>"; };
		BD0817CB146936B6006F0AA0 /* Icon_Tab_Info@2x.png */ = {isa = PBXFileReference; lastKnownFileType = image.png; path = "Icon_Tab_Info@2x.png"; sourceTree = "<group>"; };
		BD0817CC146936B6006F0AA0 /* Icon_Tab_Settings.png */ = {isa = PBXFileReference; lastKnownFileType = image.png; path = Icon_Tab_Settings.png; sourceTree = "<group>"; };
		BD0817CD146936B6006F0AA0 /* Icon_Tab_Settings@2x.png */ = {isa = PBXFileReference; lastKnownFileType = image.png; path = "Icon_Tab_Settings@2x.png"; sourceTree = "<group>"; };
		BD0817CE146936B6006F0AA0 /* Tab_Home.png */ = {isa = PBXFileReference; lastKnownFileType = image.png; path = Tab_Home.png; sourceTree = "<group>"; };
		BD0817CF146936B6006F0AA0 /* Tab_Home@2x.png */ = {isa = PBXFileReference; lastKnownFileType = image.png; path = "Tab_Home@2x.png"; sourceTree = "<group>"; };
		BD0817D0146936B6006F0AA0 /* Tab_Info.png */ = {isa = PBXFileReference; lastKnownFileType = image.png; path = Tab_Info.png; sourceTree = "<group>"; };
		BD0817D1146936B6006F0AA0 /* Tab_Info@2x.png */ = {isa = PBXFileReference; lastKnownFileType = image.png; path = "Tab_Info@2x.png"; sourceTree = "<group>"; };
		BD0817D3146936B6006F0AA0 /* texts-nl.xmlx */ = {isa = PBXFileReference; fileEncoding = 4; lastKnownFileType = text; path = "texts-nl.xmlx"; sourceTree = "<group>"; };
		BD0817D6146936B6006F0AA0 /* en */ = {isa = PBXFileReference; lastKnownFileType = text.plist.strings; name = en; path = en.lproj/InfoPlist.strings; sourceTree = "<group>"; };
		BD0817D8146936B6006F0AA0 /* main.m */ = {isa = PBXFileReference; fileEncoding = 4; lastKnownFileType = sourcecode.c.objc; path = main.m; sourceTree = "<group>"; };
		BD0817D9146936B6006F0AA0 /* kitchensink-app-Info.plist */ = {isa = PBXFileReference; fileEncoding = 4; lastKnownFileType = text.plist.xml; path = "kitchensink-app-Info.plist"; sourceTree = "<group>"; };
		BD0817DA146936B6006F0AA0 /* kitchensink-app-Prefix.pch */ = {isa = PBXFileReference; fileEncoding = 4; lastKnownFileType = sourcecode.c.h; path = "kitchensink-app-Prefix.pch"; sourceTree = "<group>"; };
		BD3368D2164AB64800CD56FD /* LaunchImage-568h@2x.png */ = {isa = PBXFileReference; lastKnownFileType = image.png; path = "LaunchImage-568h@2x.png"; sourceTree = "<group>"; };
		BD798200170B215600B446E1 /* PAGE-zoomable-text.xmlx */ = {isa = PBXFileReference; fileEncoding = 4; lastKnownFileType = text; name = "PAGE-zoomable-text.xmlx"; path = "Pages/PAGE-zoomable-text.xmlx"; sourceTree = "<group>"; xcLanguageSpecificationIdentifier = xcode.lang.xml; };
		BDD3D9351725500E002C88E6 /* libsqlite3.0.dylib */ = {isa = PBXFileReference; lastKnownFileType = "compiled.mach-o.dylib"; name = libsqlite3.0.dylib; path = usr/lib/libsqlite3.0.dylib; sourceTree = SDKROOT; };
		BDD3D93717255019002C88E6 /* QuartzCore.framework */ = {isa = PBXFileReference; lastKnownFileType = wrapper.framework; name = QuartzCore.framework; path = System/Library/Frameworks/QuartzCore.framework; sourceTree = SDKROOT; };
		BDEF12CA15E6AC0A0034C700 /* PAGE-catalog.xmlx */ = {isa = PBXFileReference; fileEncoding = 4; lastKnownFileType = text; name = "PAGE-catalog.xmlx"; path = "Pages/PAGE-catalog.xmlx"; sourceTree = "<group>"; xcLanguageSpecificationIdentifier = xcode.lang.xml; };
		BDEF12CB15E6AC0B0034C700 /* PAGE-field-types.xmlx */ = {isa = PBXFileReference; fileEncoding = 4; lastKnownFileType = text; name = "PAGE-field-types.xmlx"; path = "Pages/PAGE-field-types.xmlx"; sourceTree = "<group>"; };
		BDEF12CC15E6AC0B0034C700 /* PAGE-home.xmlx */ = {isa = PBXFileReference; fileEncoding = 4; lastKnownFileType = text; name = "PAGE-home.xmlx"; path = "Pages/PAGE-home.xmlx"; sourceTree = "<group>"; xcLanguageSpecificationIdentifier = xcode.lang.xml; };
		BDEF12CD15E6AC0B0034C700 /* PAGE-lists.xmlx */ = {isa = PBXFileReference; fileEncoding = 4; lastKnownFileType = text; name = "PAGE-lists.xmlx"; path = "Pages/PAGE-lists.xmlx"; sourceTree = "<group>"; };
		BDEF12CE15E6AC0B0034C700 /* PAGE-plant-detail.xmlx */ = {isa = PBXFileReference; fileEncoding = 4; lastKnownFileType = text; name = "PAGE-plant-detail.xmlx"; path = "Pages/PAGE-plant-detail.xmlx"; sourceTree = "<group>"; xcLanguageSpecificationIdentifier = xcode.lang.xml; };
		BDEF12E315E6AC1E0034C700 /* alerts.xmlx */ = {isa = PBXFileReference; fileEncoding = 4; lastKnownFileType = text; path = alerts.xmlx; sourceTree = "<group>"; xcLanguageSpecificationIdentifier = xcode.lang.xml; };
		BDFC953717BE8CF900F5278A /* AVFoundation.framework */ = {isa = PBXFileReference; lastKnownFileType = wrapper.framework; name = AVFoundation.framework; path = System/Library/Frameworks/AVFoundation.framework; sourceTree = SDKROOT; };
		C7A1D7F1181EA85800777CF9 /* libz.1.2.5.dylib */ = {isa = PBXFileReference; lastKnownFileType = "compiled.mach-o.dylib"; name = libz.1.2.5.dylib; path = usr/lib/libz.1.2.5.dylib; sourceTree = SDKROOT; };
		C7F9431F18214B8000DF0506 /* libmobbl-core-lib.a */ = {isa = PBXFileReference; lastKnownFileType = archive.ar; name = "libmobbl-core-lib.a"; path = "../../target/libs/Debug-iphonesimulator/com.itude.mobile.ios.mobbl/mobbl-core-lib/libmobbl-core-lib.a"; sourceTree = SOURCE_ROOT; };
/* End PBXFileReference section */

/* Begin PBXFrameworksBuildPhase section */
		036F804E13C700D40082D901 /* Frameworks */ = {
			isa = PBXFrameworksBuildPhase;
			buildActionMask = 2147483647;
			files = (
				C7F9432018214B8000DF0506 /* libmobbl-core-lib.a in Frameworks */,
				C7A1D7F2181EA85800777CF9 /* libz.1.2.5.dylib in Frameworks */,
				03F0877913C7492B00A58AE7 /* SystemConfiguration.framework in Frameworks */,
				036F804F13C700D40082D901 /* UIKit.framework in Frameworks */,
				036F805013C700D40082D901 /* Foundation.framework in Frameworks */,
				036F805113C700D40082D901 /* CoreGraphics.framework in Frameworks */,
				BDFC953917BE8D0D00F5278A /* AVFoundation.framework in Frameworks */,
				BDFC953C17BE8D2700F5278A /* QuartzCore.framework in Frameworks */,
				BDFC953F17BE8D3500F5278A /* libsqlite3.0.dylib in Frameworks */,
			);
			runOnlyForDeploymentPostprocessing = 0;
		};
/* End PBXFrameworksBuildPhase section */

/* Begin PBXGroup section */
		00CB699A15D28BEF004F3697 /* Pages */ = {
			isa = PBXGroup;
			children = (
				BD798200170B215600B446E1 /* PAGE-zoomable-text.xmlx */,
				BDEF12CA15E6AC0A0034C700 /* PAGE-catalog.xmlx */,
				BDEF12CB15E6AC0B0034C700 /* PAGE-field-types.xmlx */,
				BDEF12CC15E6AC0B0034C700 /* PAGE-home.xmlx */,
				BDEF12CD15E6AC0B0034C700 /* PAGE-lists.xmlx */,
				BDEF12CE15E6AC0B0034C700 /* PAGE-plant-detail.xmlx */,
				00CB6A0015D2B0C1004F3697 /* PAGE-customized-view-logic.xmlx */,
				00EAC7D615F6103100CF1E56 /* PAGE-manipulating-rows-in-a-list.xmlx */,
				00F495AE15D2B7C000277DA1 /* PAGE-customized-layout.xmlx */,
				0041AD3D15D2F8A700381ED2 /* PAGE-customized-components.xmlx */,
				00F495F515D2BE4600277DA1 /* PAGE-page-with-xib.xmlx */,
			);
			name = Pages;
			sourceTree = "<group>";
		};
		03F239A613C6FFFA00E9BD32 = {
			isa = PBXGroup;
			children = (
				03F239BB13C6FFFB00E9BD32 /* kitchensink-app */,
				03F239B413C6FFFB00E9BD32 /* Frameworks */,
				03F239B213C6FFFB00E9BD32 /* Products */,
			);
			sourceTree = "<group>";
		};
		03F239B213C6FFFB00E9BD32 /* Products */ = {
			isa = PBXGroup;
			children = (
				036F805913C700D40082D901 /* kitchensink-app.app */,
			);
			name = Products;
			sourceTree = "<group>";
		};
		03F239B413C6FFFB00E9BD32 /* Frameworks */ = {
			isa = PBXGroup;
			children = (
				C7F9431F18214B8000DF0506 /* libmobbl-core-lib.a */,
				C7A1D7F1181EA85800777CF9 /* libz.1.2.5.dylib */,
				BDFC953717BE8CF900F5278A /* AVFoundation.framework */,
				BDD3D9351725500E002C88E6 /* libsqlite3.0.dylib */,
				03F0877813C7492B00A58AE7 /* SystemConfiguration.framework */,
				03F239B513C6FFFB00E9BD32 /* UIKit.framework */,
				03F239B713C6FFFB00E9BD32 /* Foundation.framework */,
				03F239B913C6FFFB00E9BD32 /* CoreGraphics.framework */,
				BDD3D93717255019002C88E6 /* QuartzCore.framework */,
			);
			name = Frameworks;
			sourceTree = "<group>";
		};
		03F239BB13C6FFFB00E9BD32 /* kitchensink-app */ = {
			isa = PBXGroup;
			children = (
				BD08177F146936B6006F0AA0 /* Classes */,
				BD0817A7146936B6006F0AA0 /* Resources */,
				BD0817D4146936B6006F0AA0 /* Supporting Files */,
			);
			path = "kitchensink-app";
			sourceTree = "<group>";
		};
		BD08177F146936B6006F0AA0 /* Classes */ = {
			isa = PBXGroup;
			children = (
				BD081780146936B6006F0AA0 /* Actions */,
				BD081788146936B6006F0AA0 /* CustomAppDelegate.h */,
				BD081789146936B6006F0AA0 /* CustomAppDelegate.m */,
				BD08178A146936B6006F0AA0 /* CustomApplicationFactory.h */,
				BD08178B146936B6006F0AA0 /* CustomApplicationFactory.m */,
				BD08178C146936B6006F0AA0 /* CustomConstants.h */,
				BD08178D146936B6006F0AA0 /* Services */,
				BD081791146936B6006F0AA0 /* Util */,
				BD081794146936B6006F0AA0 /* View */,
			);
			path = Classes;
			sourceTree = "<group>";
		};
		BD081780146936B6006F0AA0 /* Actions */ = {
			isa = PBXGroup;
			children = (
				BD081781146936B6006F0AA0 /* FireInitialOutcomes.h */,
				BD081782146936B6006F0AA0 /* FireInitialOutcomes.m */,
				BD081783146936B6006F0AA0 /* GenericAction.h */,
				BD081784146936B6006F0AA0 /* GenericAction.m */,
				BD081785146936B6006F0AA0 /* Temporary */,
				00CB68EB15D152B0004F3697 /* CustomAction.h */,
				00CB68EC15D152B0004F3697 /* CustomAction.m */,
				00CB68F215D152CF004F3697 /* ExceptionExampleAction.h */,
				00CB68F315D152CF004F3697 /* ExceptionExampleAction.m */,
			);
			path = Actions;
			sourceTree = "<group>";
		};
		BD081785146936B6006F0AA0 /* Temporary */ = {
			isa = PBXGroup;
			children = (
				BD081786146936B6006F0AA0 /* CustomTemporaryAction.h */,
				BD081787146936B6006F0AA0 /* CustomTemporaryAction.m */,
			);
			path = Temporary;
			sourceTree = "<group>";
		};
		BD08178D146936B6006F0AA0 /* Services */ = {
			isa = PBXGroup;
			children = (
				BD08178E146936B6006F0AA0 /* DataHandlers */,
			);
			path = Services;
			sourceTree = "<group>";
		};
		BD08178E146936B6006F0AA0 /* DataHandlers */ = {
			isa = PBXGroup;
			children = (
				BD08178F146936B6006F0AA0 /* CustomSoapServiceDataHandler.h */,
				BD081790146936B6006F0AA0 /* CustomSoapServiceDataHandler.m */,
			);
			path = DataHandlers;
			sourceTree = "<group>";
		};
		BD081791146936B6006F0AA0 /* Util */ = {
			isa = PBXGroup;
			children = (
				BD081792146936B6006F0AA0 /* NSDateUtilities.h */,
				BD081793146936B6006F0AA0 /* NSDateUtilities.m */,
			);
			path = Util;
			sourceTree = "<group>";
		};
		BD081794146936B6006F0AA0 /* View */ = {
			isa = PBXGroup;
			children = (
				BD081795146936B6006F0AA0 /* Builders */,
				BD08179A146936B6006F0AA0 /* Controllers */,
				BD08179D146936B6006F0AA0 /* Helpers */,
				BD0817A0146936B6006F0AA0 /* StyleHandling */,
			);
			path = View;
			sourceTree = "<group>";
		};
		BD081795146936B6006F0AA0 /* Builders */ = {
			isa = PBXGroup;
			children = (
				3481234ED29B6C9AB028209C /* CustomRowViewBuilder.h */,
				3481256D97DF65AB2C5F7FD4 /* CustomRowViewBuilder.m */,
			);
			path = Builders;
			sourceTree = "<group>";
		};
		BD08179A146936B6006F0AA0 /* Controllers */ = {
			isa = PBXGroup;
			children = (
				00CB69A115D28D72004F3697 /* CustomizedLayout.h */,
				00CB69A215D28D72004F3697 /* CustomizedLayout.m */,
				00CB69A715D28D90004F3697 /* CustomizedList.h */,
				00CB69A815D28D90004F3697 /* CustomizedList.m */,
				00CB69AD15D28DBF004F3697 /* CustomizedViewLogic.h */,
				00CB69AE15D28DBF004F3697 /* CustomizedViewLogic.m */,
				00CB69B315D28DF6004F3697 /* PageWithXibFileViewController.h */,
				00CB69B415D28DF7004F3697 /* PageWithXibFileViewController.m */,
				00CB69B515D28DF7004F3697 /* PageWithXibFileViewController.xib */,
			);
			path = Controllers;
			sourceTree = "<group>";
		};
		BD08179D146936B6006F0AA0 /* Helpers */ = {
			isa = PBXGroup;
			children = (
			);
			path = Helpers;
			sourceTree = "<group>";
		};
		BD0817A0146936B6006F0AA0 /* StyleHandling */ = {
			isa = PBXGroup;
			children = (
				BD0817A1146936B6006F0AA0 /* CustomColor.h */,
				BD0817A2146936B6006F0AA0 /* CustomColor.m */,
				BD0817A3146936B6006F0AA0 /* CustomStyleConstants.h */,
				BD0817A4146936B6006F0AA0 /* CustomStyleConstants.m */,
				BD0817A5146936B6006F0AA0 /* CustomStyleHandler.h */,
				BD0817A6146936B6006F0AA0 /* CustomStyleHandler.m */,
			);
			path = StyleHandling;
			sourceTree = "<group>";
		};
		BD0817A7146936B6006F0AA0 /* Resources */ = {
			isa = PBXGroup;
			children = (
				BD0817A8146936B6006F0AA0 /* Config */,
				BD0817B0146936B6006F0AA0 /* Documents */,
				BD0817B7146936B6006F0AA0 /* Images */,
				BD0817D2146936B6006F0AA0 /* Texts */,
			);
			path = Resources;
			sourceTree = "<group>";
		};
		BD0817A8146936B6006F0AA0 /* Config */ = {
			isa = PBXGroup;
			children = (
				00CB699A15D28BEF004F3697 /* Pages */,
				BD0817A9146936B6006F0AA0 /* actions.xmlx */,
				BD0817AA146936B6006F0AA0 /* config.xmlx */,
				BD0817AB146936B6006F0AA0 /* dialogs.xmlx */,
				BD0817AC146936B6006F0AA0 /* documents.xmlx */,
				BD0817AD146936B6006F0AA0 /* domains.xmlx */,
				BD0817AE146936B6006F0AA0 /* outcomes.xmlx */,
				BD0817AF146936B6006F0AA0 /* pages.xmlx */,
				BDEF12E315E6AC1E0034C700 /* alerts.xmlx */,
			);
			path = Config;
			sourceTree = "<group>";
		};
		BD0817B0146936B6006F0AA0 /* Documents */ = {
			isa = PBXGroup;
			children = (
				00AD651815D01B620076AC6A /* CATALOG.xmlx */,
				BD0817B1146936B6006F0AA0 /* applicationproperties.xmlx */,
				BD0817B2146936B6006F0AA0 /* endpoints.xmlx */,
				BD0817B3146936B6006F0AA0 /* InitialOutcomes.xmlx */,
				BD0817B4146936B6006F0AA0 /* resources.xmlx */,
				BD0817B5146936B6006F0AA0 /* Responses */,
			);
			path = Documents;
			sourceTree = "<group>";
		};
		BD0817B5146936B6006F0AA0 /* Responses */ = {
			isa = PBXGroup;
			children = (
			);
			path = Responses;
			sourceTree = "<group>";
		};
		BD0817B7146936B6006F0AA0 /* Images */ = {
			isa = PBXGroup;
			children = (
				3481286F417470DDE0F23AD6 /* trololo.jpg */,
				BD0817B8146936B6006F0AA0 /* ApplicationIcons */,
				BD0817BD146936B6006F0AA0 /* Backgrounds */,
				BD0817C0146936B6006F0AA0 /* LaunchImages */,
				BD0817C3146936B6006F0AA0 /* Tabs */,
			);
			path = Images;
			sourceTree = "<group>";
		};
		BD0817B8146936B6006F0AA0 /* ApplicationIcons */ = {
			isa = PBXGroup;
			children = (
				BD0817B9146936B6006F0AA0 /* ApplicationIcon-72.png */,
				BD0817BA146936B6006F0AA0 /* ApplicationIcon.png */,
				BD0817BB146936B6006F0AA0 /* ApplicationIcon@2x.png */,
				BD0817BC146936B6006F0AA0 /* iTunesArtwork.png */,
			);
			path = ApplicationIcons;
			sourceTree = "<group>";
		};
		BD0817BD146936B6006F0AA0 /* Backgrounds */ = {
			isa = PBXGroup;
			children = (
				BD0817BE146936B6006F0AA0 /* Background-default.png */,
				BD0817BF146936B6006F0AA0 /* Background-default@2x.png */,
			);
			path = Backgrounds;
			sourceTree = "<group>";
		};
		BD0817C0146936B6006F0AA0 /* LaunchImages */ = {
			isa = PBXGroup;
			children = (
				BD3368D2164AB64800CD56FD /* LaunchImage-568h@2x.png */,
				BD0817C1146936B6006F0AA0 /* LaunchImage.png */,
				BD0817C2146936B6006F0AA0 /* LaunchImage@2x.png */,
			);
			path = LaunchImages;
			sourceTree = "<group>";
		};
		BD0817C3146936B6006F0AA0 /* Tabs */ = {
			isa = PBXGroup;
			children = (
				BD0817C4146936B6006F0AA0 /* Icon_Tab_calendar.png */,
				BD0817C5146936B6006F0AA0 /* Icon_Tab_calendar@2x.png */,
				BD0817C6146936B6006F0AA0 /* Icon_Tab_cart.png.png */,
				BD0817C7146936B6006F0AA0 /* Icon_Tab_cart@2x.png */,
				BD0817C8146936B6006F0AA0 /* Icon_Tab_home.png */,
				BD0817C9146936B6006F0AA0 /* Icon_Tab_home@2x.png */,
				BD0817CA146936B6006F0AA0 /* Icon_Tab_Info.png */,
				BD0817CB146936B6006F0AA0 /* Icon_Tab_Info@2x.png */,
				BD0817CC146936B6006F0AA0 /* Icon_Tab_Settings.png */,
				BD0817CD146936B6006F0AA0 /* Icon_Tab_Settings@2x.png */,
				BD0817CE146936B6006F0AA0 /* Tab_Home.png */,
				BD0817CF146936B6006F0AA0 /* Tab_Home@2x.png */,
				BD0817D0146936B6006F0AA0 /* Tab_Info.png */,
				BD0817D1146936B6006F0AA0 /* Tab_Info@2x.png */,
			);
			path = Tabs;
			sourceTree = "<group>";
		};
		BD0817D2146936B6006F0AA0 /* Texts */ = {
			isa = PBXGroup;
			children = (
				BD0817D3146936B6006F0AA0 /* texts-nl.xmlx */,
			);
			path = Texts;
			sourceTree = "<group>";
		};
		BD0817D4146936B6006F0AA0 /* Supporting Files */ = {
			isa = PBXGroup;
			children = (
				BD0817D5146936B6006F0AA0 /* InfoPlist.strings */,
				BD0817D8146936B6006F0AA0 /* main.m */,
				BD0817D9146936B6006F0AA0 /* kitchensink-app-Info.plist */,
				BD0817DA146936B6006F0AA0 /* kitchensink-app-Prefix.pch */,
			);
			path = "Supporting Files";
			sourceTree = "<group>";
		};
/* End PBXGroup section */

/* Begin PBXNativeTarget section */
		036F804913C700D40082D901 /* kitchensink-app */ = {
			isa = PBXNativeTarget;
			buildConfigurationList = 036F805613C700D40082D901 /* Build configuration list for PBXNativeTarget "kitchensink-app" */;
			buildPhases = (
				036F804A13C700D40082D901 /* Sources */,
				036F804E13C700D40082D901 /* Frameworks */,
				036F805213C700D40082D901 /* Resources */,
			);
			buildRules = (
			);
			dependencies = (
			);
			name = "kitchensink-app";
			productName = "itude-mobile-ios-pharmeon-pilservice";
			productReference = 036F805913C700D40082D901 /* kitchensink-app.app */;
			productType = "com.apple.product-type.application";
		};
/* End PBXNativeTarget section */

/* Begin PBXProject section */
		03F239A813C6FFFA00E9BD32 /* Project object */ = {
			isa = PBXProject;
			attributes = {
				LastUpgradeCheck = 0500;
				ORGANIZATIONNAME = "Itude Mobile";
			};
			buildConfigurationList = 03F239AB13C6FFFB00E9BD32 /* Build configuration list for PBXProject "kitchensink-app" */;
			compatibilityVersion = "Xcode 3.2";
			developmentRegion = English;
			hasScannedForEncodings = 0;
			knownRegions = (
				en,
				da,
				de,
				es,
				fi,
				fr,
				it,
				ja,
				ko,
				nl,
				no,
				pl,
				pt,
				ru,
				sv,
				zh_CN,
				zh_TW,
				English,
			);
			mainGroup = 03F239A613C6FFFA00E9BD32;
			productRefGroup = 03F239B213C6FFFB00E9BD32 /* Products */;
			projectDirPath = "";
			projectRoot = "";
			targets = (
				036F804913C700D40082D901 /* kitchensink-app */,
			);
		};
/* End PBXProject section */

/* Begin PBXResourcesBuildPhase section */
		036F805213C700D40082D901 /* Resources */ = {
			isa = PBXResourcesBuildPhase;
			buildActionMask = 2147483647;
			files = (
				C79AFA4F181EBCC100FA81E6 /* PAGE-zoomable-text.xmlx in Resources */,
				C79AFA50181EBCC100FA81E6 /* PAGE-catalog.xmlx in Resources */,
				C79AFA51181EBCC100FA81E6 /* PAGE-field-types.xmlx in Resources */,
				C79AFA52181EBCC100FA81E6 /* PAGE-home.xmlx in Resources */,
				C79AFA53181EBCC100FA81E6 /* PAGE-lists.xmlx in Resources */,
				C79AFA54181EBCC100FA81E6 /* PAGE-plant-detail.xmlx in Resources */,
				C79AFA55181EBCC100FA81E6 /* PAGE-customized-view-logic.xmlx in Resources */,
				C79AFA56181EBCC100FA81E6 /* PAGE-manipulating-rows-in-a-list.xmlx in Resources */,
				C79AFA57181EBCC100FA81E6 /* PAGE-customized-layout.xmlx in Resources */,
				C79AFA58181EBCC100FA81E6 /* PAGE-customized-components.xmlx in Resources */,
				C79AFA59181EBCC100FA81E6 /* PAGE-page-with-xib.xmlx in Resources */,
				C79AFA5A181EBCC100FA81E6 /* actions.xmlx in Resources */,
				C79AFA5B181EBCC100FA81E6 /* config.xmlx in Resources */,
				C79AFA5C181EBCC100FA81E6 /* dialogs.xmlx in Resources */,
				C79AFA5D181EBCC100FA81E6 /* documents.xmlx in Resources */,
				C79AFA5E181EBCC100FA81E6 /* domains.xmlx in Resources */,
				C79AFA5F181EBCC100FA81E6 /* outcomes.xmlx in Resources */,
				C79AFA60181EBCC100FA81E6 /* pages.xmlx in Resources */,
				C79AFA61181EBCC100FA81E6 /* alerts.xmlx in Resources */,
				C79AFA62181EBCC100FA81E6 /* CATALOG.xmlx in Resources */,
				C79AFA63181EBCC100FA81E6 /* applicationproperties.xmlx in Resources */,
				C79AFA64181EBCC100FA81E6 /* endpoints.xmlx in Resources */,
				C79AFA65181EBCC100FA81E6 /* InitialOutcomes.xmlx in Resources */,
				C79AFA66181EBCC100FA81E6 /* resources.xmlx in Resources */,
				C79AFA67181EBCC100FA81E6 /* trololo.jpg in Resources */,
				C79AFA68181EBCC100FA81E6 /* ApplicationIcon-72.png in Resources */,
				C79AFA69181EBCC100FA81E6 /* ApplicationIcon.png in Resources */,
				C79AFA6A181EBCC100FA81E6 /* ApplicationIcon@2x.png in Resources */,
				C79AFA6B181EBCC100FA81E6 /* iTunesArtwork.png in Resources */,
				C79AFA6C181EBCC100FA81E6 /* Background-default.png in Resources */,
				C79AFA6D181EBCC100FA81E6 /* Background-default@2x.png in Resources */,
				C79AFA6E181EBCC100FA81E6 /* LaunchImage-568h@2x.png in Resources */,
				C79AFA6F181EBCC100FA81E6 /* LaunchImage.png in Resources */,
				C79AFA70181EBCC100FA81E6 /* LaunchImage@2x.png in Resources */,
				C79AFA71181EBCC100FA81E6 /* Icon_Tab_calendar.png in Resources */,
				C79AFA72181EBCC100FA81E6 /* Icon_Tab_calendar@2x.png in Resources */,
				C79AFA73181EBCC100FA81E6 /* Icon_Tab_cart.png.png in Resources */,
				C79AFA74181EBCC100FA81E6 /* Icon_Tab_cart@2x.png in Resources */,
				C79AFA75181EBCC100FA81E6 /* Icon_Tab_home.png in Resources */,
				C79AFA76181EBCC100FA81E6 /* Icon_Tab_home@2x.png in Resources */,
				C79AFA77181EBCC100FA81E6 /* Icon_Tab_Info.png in Resources */,
				C79AFA78181EBCC100FA81E6 /* Icon_Tab_Info@2x.png in Resources */,
				C79AFA79181EBCC100FA81E6 /* Icon_Tab_Settings.png in Resources */,
				C79AFA7A181EBCC100FA81E6 /* Icon_Tab_Settings@2x.png in Resources */,
				C79AFA7B181EBCC100FA81E6 /* Tab_Home.png in Resources */,
				C79AFA7C181EBCC100FA81E6 /* Tab_Home@2x.png in Resources */,
				C79AFA7D181EBCC100FA81E6 /* Tab_Info.png in Resources */,
				C79AFA7E181EBCC100FA81E6 /* Tab_Info@2x.png in Resources */,
				C79AFA7F181EBCC100FA81E6 /* texts-nl.xmlx in Resources */,
			);
			runOnlyForDeploymentPostprocessing = 0;
		};
/* End PBXResourcesBuildPhase section */

/* Begin PBXSourcesBuildPhase section */
		036F804A13C700D40082D901 /* Sources */ = {
			isa = PBXSourcesBuildPhase;
			buildActionMask = 2147483647;
			files = (
				BD0817DD146936B6006F0AA0 /* FireInitialOutcomes.m in Sources */,
				BD0817E1146936B6006F0AA0 /* GenericAction.m in Sources */,
				BD0817E5146936B6006F0AA0 /* CustomTemporaryAction.m in Sources */,
				BD0817E9146936B6006F0AA0 /* CustomAppDelegate.m in Sources */,
				BD0817ED146936B6006F0AA0 /* CustomApplicationFactory.m in Sources */,
				BD0817F1146936B6006F0AA0 /* CustomSoapServiceDataHandler.m in Sources */,
				BD0817F5146936B6006F0AA0 /* NSDateUtilities.m in Sources */,
				BD081809146936B6006F0AA0 /* CustomColor.m in Sources */,
				BD08180D146936B6006F0AA0 /* CustomStyleConstants.m in Sources */,
				BD081811146936B6006F0AA0 /* CustomStyleHandler.m in Sources */,
				BD0818A9146936B7006F0AA0 /* main.m in Sources */,
				00CB68EF15D152B0004F3697 /* CustomAction.m in Sources */,
				00CB68F615D152CF004F3697 /* ExceptionExampleAction.m in Sources */,
				00CB69A515D28D72004F3697 /* CustomizedLayout.m in Sources */,
				00CB69AB15D28D90004F3697 /* CustomizedList.m in Sources */,
				00CB69B115D28DBF004F3697 /* CustomizedViewLogic.m in Sources */,
				00CB69B815D28DF7004F3697 /* PageWithXibFileViewController.m in Sources */,
				34812492226535E995B4E7A2 /* CustomRowViewBuilder.m in Sources */,
			);
			runOnlyForDeploymentPostprocessing = 0;
		};
/* End PBXSourcesBuildPhase section */

/* Begin PBXVariantGroup section */
		BD0817D5146936B6006F0AA0 /* InfoPlist.strings */ = {
			isa = PBXVariantGroup;
			children = (
				BD0817D6146936B6006F0AA0 /* en */,
			);
			name = InfoPlist.strings;
			sourceTree = "<group>";
		};
/* End PBXVariantGroup section */

/* Begin XCBuildConfiguration section */
		036F805713C700D40082D901 /* Debug */ = {
			isa = XCBuildConfiguration;
			buildSettings = {
				ALWAYS_SEARCH_USER_PATHS = NO;
				COPY_PHASE_STRIP = NO;
				FRAMEWORK_SEARCH_PATHS = "$(SRCROOT)";
				GCC_DYNAMIC_NO_PIC = NO;
				GCC_OPTIMIZATION_LEVEL = 0;
				GCC_PRECOMPILE_PREFIX_HEADER = YES;
				GCC_PREFIX_HEADER = "kitchensink-app/Supporting Files/kitchensink-app-Prefix.pch";
				GCC_PREPROCESSOR_DEFINITIONS = "";
				"GCC_PREPROCESSOR_DEFINITIONS[arch=*]" = SIMULATOR;
				GCC_THUMB_SUPPORT = NO;
				GCC_VERSION = com.apple.compilers.llvm.clang.1_0;
				HEADER_SEARCH_PATHS = (
					"${PROJECT_DIR}/../../target/headers/${BUILD_STYLE}-${PLATFORM_NAME}/**",
					"$(SRCROOT)/**",
				);
				INFOPLIST_FILE = "kitchensink-app/Supporting Files/kitchensink-app-Info.plist";
				IPHONEOS_DEPLOYMENT_TARGET = 7.0;
				LIBRARY_SEARCH_PATHS = (
					"${PROJECT_DIR}/../../target/xcode-deps/libs/${BUILD_STYLE}/**",
					"/usr/local/include/**",
					"${PROJECT_DIR}/../../target/libs/${BUILD_STYLE}-${PLATFORM_NAME}/com.itude.mobile.ios.mobbl/mobbl-core-lib",
				);
				OTHER_LDFLAGS = (
					"-lz",
					"-all_load",
					"-ObjC",
				);
				PRODUCT_NAME = "kitchensink-app";
				STRINGS_FILE_OUTPUT_ENCODING = "UTF-8";
				TARGETED_DEVICE_FAMILY = "1,2";
				WRAPPER_EXTENSION = app;
			};
			name = Debug;
		};
		036F805813C700D40082D901 /* Release */ = {
			isa = XCBuildConfiguration;
			buildSettings = {
				ALWAYS_SEARCH_USER_PATHS = NO;
				COPY_PHASE_STRIP = YES;
				FRAMEWORK_SEARCH_PATHS = "$(SRCROOT)";
				GCC_OPTIMIZATION_LEVEL = 0;
				GCC_PRECOMPILE_PREFIX_HEADER = YES;
				GCC_PREFIX_HEADER = "kitchensink-app/Supporting Files/kitchensink-app-Prefix.pch";
				"GCC_PREPROCESSOR_DEFINITIONS[arch=*]" = SIMULATOR;
				GCC_THUMB_SUPPORT = NO;
				GCC_VERSION = com.apple.compilers.llvm.clang.1_0;
				HEADER_SEARCH_PATHS = (
					"${PROJECT_DIR}/../../target/headers/${BUILD_STYLE}-${PLATFORM_NAME}/**",
					"$(SRCROOT)/**",
				);
				INFOPLIST_FILE = "kitchensink-app/Supporting Files/kitchensink-app-Info.plist";
				IPHONEOS_DEPLOYMENT_TARGET = 7.0;
				LIBRARY_SEARCH_PATHS = (
					"${PROJECT_DIR}/../../target/xcode-deps/libs/${BUILD_STYLE}/**",
					"/usr/local/include/**",
					"${PROJECT_DIR}/../../target/libs/${BUILD_STYLE}-${PLATFORM_NAME}/com.itude.mobile.ios.mobbl/mobbl-core-lib",
				);
				OTHER_LDFLAGS = (
					"-licucore",
					"-all_load",
					"-ObjC",
				);
				PRODUCT_NAME = "kitchensink-app";
				STRINGS_FILE_OUTPUT_ENCODING = "UTF-8";
				TARGETED_DEVICE_FAMILY = "1,2";
				VALIDATE_PRODUCT = YES;
				WRAPPER_EXTENSION = app;
			};
			name = Release;
		};
		03F239E613C6FFFC00E9BD32 /* Debug */ = {
			isa = XCBuildConfiguration;
			buildSettings = {
				ALWAYS_SEARCH_USER_PATHS = YES;
				CODE_SIGN_IDENTITY = "iPhone Developer";
				"CODE_SIGN_IDENTITY[sdk=iphoneos*]" = "iPhone Developer";
				FRAMEWORK_SEARCH_PATHS = (
					"\"$(SRCROOT)\"",
					"\"$(DEVELOPER_FRAMEWORKS_DIR)\"",
					"\"$(inherited)\"",
				);
				GCC_C_LANGUAGE_STANDARD = c99;
				GCC_OPTIMIZATION_LEVEL = s;
				GCC_PREPROCESSOR_DEFINITIONS = "";
				GCC_SYMBOLS_PRIVATE_EXTERN = NO;
				GCC_THUMB_SUPPORT = NO;
				GCC_VERSION = "";
				GCC_WARN_ABOUT_RETURN_TYPE = YES;
				GCC_WARN_UNUSED_VARIABLE = YES;
				HEADER_SEARCH_PATHS = "\\usr\\include/**";
				IPHONEOS_DEPLOYMENT_TARGET = 7.0;
				LIBRARY_SEARCH_PATHS = "/usr/local/include/**";
				ONLY_ACTIVE_ARCH = YES;
				"OTHER_CFLAGS[arch=*]" = "-DDEBUG";
				OTHER_LDFLAGS = "-lz";
				PRODUCT_NAME = "Kitchen sink";
				PROVISIONING_PROFILE = "";
				"PROVISIONING_PROFILE[sdk=iphoneos*]" = "";
				SDKROOT = iphoneos;
			};
			name = Debug;
		};
		03F239E713C6FFFC00E9BD32 /* Release */ = {
			isa = XCBuildConfiguration;
			buildSettings = {
				ALWAYS_SEARCH_USER_PATHS = YES;
				CODE_SIGN_IDENTITY = "iPhone Developer";
				"CODE_SIGN_IDENTITY[sdk=iphoneos*]" = "iPhone Developer";
				FRAMEWORK_SEARCH_PATHS = (
					"\"$(SRCROOT)\"",
					"\"$(DEVELOPER_FRAMEWORKS_DIR)\"",
					"\"$(inherited)\"",
				);
				GCC_C_LANGUAGE_STANDARD = c99;
				GCC_THUMB_SUPPORT = NO;
				GCC_VERSION = "";
				GCC_WARN_ABOUT_RETURN_TYPE = YES;
				GCC_WARN_UNUSED_VARIABLE = YES;
				HEADER_SEARCH_PATHS = "\\usr\\include/**";
				IPHONEOS_DEPLOYMENT_TARGET = 7.0;
				LIBRARY_SEARCH_PATHS = "/usr/local/include/**";
				OTHER_CFLAGS = "-DNS_BLOCK_ASSERTIONS=1";
				OTHER_LDFLAGS = "-licucore";
				PRODUCT_NAME = "Kitchen sink";
				PROVISIONING_PROFILE = "";
				SDKROOT = iphoneos;
			};
			name = Release;
		};
		BD1BDB791402902600303D2D /* Distribution */ = {
			isa = XCBuildConfiguration;
			buildSettings = {
				ALWAYS_SEARCH_USER_PATHS = YES;
				CODE_SIGN_IDENTITY = "iPhone Developer";
				"CODE_SIGN_IDENTITY[sdk=iphoneos*]" = "iPhone Distribution";
				FRAMEWORK_SEARCH_PATHS = (
					"\"$(SRCROOT)\"",
					"\"$(DEVELOPER_FRAMEWORKS_DIR)\"",
					"\"$(inherited)\"",
				);
				GCC_C_LANGUAGE_STANDARD = c99;
				GCC_THUMB_SUPPORT = NO;
				GCC_VERSION = "";
				GCC_WARN_ABOUT_RETURN_TYPE = YES;
				GCC_WARN_UNUSED_VARIABLE = YES;
				HEADER_SEARCH_PATHS = "\\usr\\include/**";
				IPHONEOS_DEPLOYMENT_TARGET = 7.0;
				LIBRARY_SEARCH_PATHS = "/usr/local/include/**";
				OTHER_CFLAGS = "-DNS_BLOCK_ASSERTIONS=1";
				OTHER_LDFLAGS = "-licucore";
				PRODUCT_NAME = "Kitchen sink";
				PROVISIONING_PROFILE = "";
				"PROVISIONING_PROFILE[sdk=iphoneos*]" = "";
				SDKROOT = iphoneos;
			};
			name = Distribution;
		};
		BD1BDB7C1402902600303D2D /* Distribution */ = {
			isa = XCBuildConfiguration;
			buildSettings = {
				ALWAYS_SEARCH_USER_PATHS = NO;
				COPY_PHASE_STRIP = YES;
				FRAMEWORK_SEARCH_PATHS = "$(SRCROOT)";
				GCC_OPTIMIZATION_LEVEL = 0;
				GCC_PRECOMPILE_PREFIX_HEADER = YES;
				GCC_PREFIX_HEADER = "kitchensink-app/Supporting Files/kitchensink-app-Prefix.pch";
				"GCC_PREPROCESSOR_DEFINITIONS[arch=*]" = SIMULATOR;
				GCC_THUMB_SUPPORT = NO;
				GCC_VERSION = com.apple.compilers.llvm.clang.1_0;
				HEADER_SEARCH_PATHS = (
					"${PROJECT_DIR}/../../target/headers/${BUILD_STYLE}-${PLATFORM_NAME}/**",
					"$(SRCROOT)/**",
				);
				INFOPLIST_FILE = "kitchensink-app/Supporting Files/kitchensink-app-Info.plist";
				IPHONEOS_DEPLOYMENT_TARGET = 7.0;
				LIBRARY_SEARCH_PATHS = (
					"${PROJECT_DIR}/../../target/xcode-deps/libs/${BUILD_STYLE}/**",
					"/usr/local/include/**",
					"${PROJECT_DIR}/../../target/libs/${BUILD_STYLE}-${PLATFORM_NAME}/com.itude.mobile.ios.mobbl/mobbl-core-lib",
				);
				OTHER_LDFLAGS = (
					"-licucore",
					"-all_load",
					"-ObjC",
				);
				PRODUCT_NAME = "kitchensink-app";
				STRINGS_FILE_OUTPUT_ENCODING = "UTF-8";
				TARGETED_DEVICE_FAMILY = "1,2";
				VALIDATE_PRODUCT = YES;
				WRAPPER_EXTENSION = app;
			};
			name = Distribution;
		};
/* End XCBuildConfiguration section */

/* Begin XCConfigurationList section */
		036F805613C700D40082D901 /* Build configuration list for PBXNativeTarget "kitchensink-app" */ = {
			isa = XCConfigurationList;
			buildConfigurations = (
				036F805713C700D40082D901 /* Debug */,
				036F805813C700D40082D901 /* Release */,
				BD1BDB7C1402902600303D2D /* Distribution */,
			);
			defaultConfigurationIsVisible = 0;
			defaultConfigurationName = Release;
		};
		03F239AB13C6FFFB00E9BD32 /* Build configuration list for PBXProject "kitchensink-app" */ = {
			isa = XCConfigurationList;
			buildConfigurations = (
				03F239E613C6FFFC00E9BD32 /* Debug */,
				03F239E713C6FFFC00E9BD32 /* Release */,
				BD1BDB791402902600303D2D /* Distribution */,
			);
			defaultConfigurationIsVisible = 0;
			defaultConfigurationName = Release;
		};
/* End XCConfigurationList section */
	};
	rootObject = 03F239A813C6FFFA00E9BD32 /* Project object */;
}
